{
  "version": 2,
  "dependencies": {
    "net10.0": {
      "ClosedXML": {
        "type": "Direct",
        "requested": "[0.105.0, )",
        "resolved": "0.105.0",
        "contentHash": "U0hAdnYyPvF7TqHMFloxrS7pmozab79tFFF4c/bgPtqeelUs7ILpUd3r3c7C0a/DXsUZb3k1n4Pf7Q2LMyMQOg==",
        "dependencies": {
          "ClosedXML.Parser": "2.0.0",
          "DocumentFormat.OpenXml": "[3.1.1, 4.0.0)",
          "ExcelNumberFormat": "1.1.0",
          "RBush.Signed": "4.0.0",
          "SixLabors.Fonts": "1.0.0"
        }
      },
      "HotChocolate.AspNetCore": {
        "type": "Direct",
        "requested": "[15.1.17, )",
        "resolved": "15.1.17",
        "contentHash": "LNMovtKRVCgSPYf990TfgBkIgOmaSqEspJsGQ68D1fRfs6BWf7zO6lJj5r35pLPLGurlNhmc4zU7bZ3OTh9R2A==",
        "dependencies": {
          "ChilliCream.Nitro.App": "28.0.7",
          "HotChocolate": "15.1.17",
          "HotChocolate.Subscriptions.InMemory": "15.1.17",
          "HotChocolate.Transport.Sockets": "15.1.17",
          "HotChocolate.Types.Scalars.Upload": "15.1.17",
          "HotChocolate.Utilities.DependencyInjection": "15.1.17"
        }
      },
      "HotChocolate.Data": {
        "type": "Direct",
        "requested": "[15.1.17, )",
        "resolved": "15.1.17",
        "contentHash": "6ex2BRFeT7eMI24SGM90Q5Qaf7aNBlJfZvg5XAmWITASYjWYT6RPkQ098eBiEnw5/Pmos9VXrhzYq3u1B4QQAg==",
        "dependencies": {
          "GreenDonut.Data": "15.1.17",
          "GreenDonut.Data.Abstractions": "15.1.17",
          "GreenDonut.Data.Primitives": "15.1.17",
          "HotChocolate.Execution": "15.1.17",
          "HotChocolate.Execution.Projections": "15.1.17",
          "HotChocolate.Types.CursorPagination": "15.1.17"
        }
      },
      "HotChocolate.Data.EntityFramework": {
        "type": "Direct",
        "requested": "[15.1.17, )",
        "resolved": "15.1.17",
        "contentHash": "qsN6dH4PEre7jCdh9oLzXFza9U6y/I1cQS+o2+6U4Ted6a7q953sL5NI/iNbYJ02pHcbOzu3vdtm6lH0LhnR2w==",
        "dependencies": {
          "GreenDonut.Data": "15.1.17",
          "GreenDonut.Data.Abstractions": "15.1.17",
          "GreenDonut.Data.EntityFramework": "15.1.17",
          "HotChocolate": "15.1.17",
          "HotChocolate.Data": "15.1.17",
          "Microsoft.EntityFrameworkCore": "9.0.2"
        }
      },
      "HotChocolate.Subscriptions.InMemory": {
        "type": "Direct",
        "requested": "[15.1.17, )",
        "resolved": "15.1.17",
        "contentHash": "JyjZ3m8cSaS+4cq/hA+vW83am8aQycw8YV/9i2plpYUXPz/vLt8gnbGRQMrCVE5jKJ70SInpXc7A6oC6zdqL/w==",
        "dependencies": {
          "HotChocolate.Execution.Abstractions": "15.1.17",
          "HotChocolate.Subscriptions": "15.1.17"
        }
      },
      "Microsoft.EntityFrameworkCore": {
        "type": "Direct",
        "requested": "[9.0.4, )",
        "resolved": "9.0.4",
        "contentHash": "+5IAX0aicQYCRfN4pAjad+JPwdEYoVEM3Z1Cl8/EiEv3FVHQHdd8TJQpQIslQDDQS/UsUMb0MsOXwqOh+TJtRw==",
        "dependencies": {
          "Microsoft.EntityFrameworkCore.Abstractions": "9.0.4",
          "Microsoft.EntityFrameworkCore.Analyzers": "9.0.4"
        }
      },
      "Microsoft.EntityFrameworkCore.SqlServer": {
        "type": "Direct",
        "requested": "[9.0.4, )",
        "resolved": "9.0.4",
        "contentHash": "UCo6rRUIx2Rhl6xVkMPf1yL/97jcYkwrryOKB5e68YCZ7NdQyk+7wfXJzEDvkFcjTw45H5sy4/1vW6vXCs/Kag==",
        "dependencies": {
          "Microsoft.Data.SqlClient": "5.1.6",
          "Microsoft.EntityFrameworkCore.Relational": "9.0.4"
        }
      },
      "Serilog.AspNetCore": {
        "type": "Direct",
        "requested": "[8.0.3, )",
        "resolved": "8.0.3",
        "contentHash": "Y5at41mc0OV982DEJslBKHd6uzcWO6POwR3QceJ6gtpMPxCzm4+FElGPF0RdaTD7MGsP6XXE05LMbSi0NO+sXg==",
        "dependencies": {
          "Serilog": "3.1.1",
          "Serilog.Extensions.Hosting": "8.0.0",
          "Serilog.Formatting.Compact": "2.0.0",
          "Serilog.Settings.Configuration": "8.0.4",
          "Serilog.Sinks.Console": "5.0.0",
          "Serilog.Sinks.Debug": "2.0.0",
          "Serilog.Sinks.File": "5.0.0"
        }
      },
      "Serilog.Sinks.File": {
        "type": "Direct",
        "requested": "[6.0.0, )",
        "resolved": "6.0.0",
        "contentHash": "lxjg89Y8gJMmFxVkbZ+qDgjl+T4yC5F7WSLTvA+5q0R04tfKVLRL/EHpYoJ/MEQd2EeCKDuylBIVnAYMotmh2A==",
        "dependencies": {
          "Serilog": "4.0.0"
        }
      },
      "YamlDotNet": {
        "type": "Direct",
        "requested": "[16.3.0, )",
        "resolved": "16.3.0",
        "contentHash": "SgMOdxbz8X65z8hraIs6hOEdnkH6hESTAIUa7viEngHOYaH+6q5XJmwr1+yb9vJpNQ19hCQY69xbFsLtXpobQA=="
      },
      "Azure.Core": {
        "type": "Transitive",
        "resolved": "1.38.0",
        "contentHash": "IuEgCoVA0ef7E4pQtpC3+TkPbzaoQfa77HlfJDmfuaJUCVJmn7fT0izamZiryW5sYUFKizsftIxMkXKbgIcPMQ==",
        "dependencies": {
          "Microsoft.Bcl.AsyncInterfaces": "1.1.1",
          "System.ClientModel": "1.0.0",
          "System.Memory.Data": "1.0.2"
        }
      },
      "Azure.Identity": {
        "type": "Transitive",
        "resolved": "1.11.4",
        "contentHash": "Sf4BoE6Q3jTgFkgBkx7qztYOFELBCo+wQgpYDwal/qJ1unBH73ywPztIJKXBXORRzAeNijsuxhk94h0TIMvfYg==",
        "dependencies": {
          "Azure.Core": "1.38.0",
          "Microsoft.Identity.Client": "4.61.3",
          "Microsoft.Identity.Client.Extensions.Msal": "4.61.3",
          "System.Security.Cryptography.ProtectedData": "4.7.0"
        }
      },
      "ChilliCream.Nitro.App": {
        "type": "Transitive",
        "resolved": "28.0.7",
        "contentHash": "G6CZod8ForeoVMXigRyAxTTqiiUYcppE85UY/zy4XLMunpF1Ginn5njWK+F+93bw3x5SssPR/fexEpOtQqkVLw==",
        "dependencies": {
          "Yarp.ReverseProxy": "2.3.0"
        }
      },
      "ClosedXML.Parser": {
        "type": "Transitive",
        "resolved": "2.0.0",
        "contentHash": "ngTqjYreDYNytG1W5d3ewHsw0ukmmrgV7EKnS4/40rXoYZGt07jrBvo+N+GxT49rcageUMUiprV0jYT4nwVBHQ=="
      },
      "DocumentFormat.OpenXml": {
        "type": "Transitive",
        "resolved": "3.1.1",
        "contentHash": "2z9QBzeTLNNKWM9SaOSDMegfQk/7hDuElOsmF77pKZMkFRP/GHA/W/4yOAQD9kn15N/FsFxHn3QVYkatuZghiA==",
        "dependencies": {
          "DocumentFormat.OpenXml.Framework": "3.1.1"
        }
      },
      "DocumentFormat.OpenXml.Framework": {
        "type": "Transitive",
        "resolved": "3.1.1",
        "contentHash": "6APEp/ElZV58S/4v8mf4Ke3ONEDORs64MqdD64Z7wWpcHANB9oovQsGIwtqjnKihulOj7T0a6IxHIHOfMqKOng==",
        "dependencies": {
          "System.IO.Packaging": "8.0.1"
        }
      },
      "ExcelNumberFormat": {
        "type": "Transitive",
        "resolved": "1.1.0",
        "contentHash": "R3BVHPs9O+RkExbZYTGT0+9HLbi8ZrNij1Yziyw6znd3J7P3uoIR07uwTLGOogtz1p6+0sna66eBoXu7tBiVQA=="
      },
      "GreenDonut": {
        "type": "Transitive",
        "resolved": "15.1.17",
        "contentHash": "MvYpkB1r90Hc1dQc58Ungv+YwQathqDbio8CkPVUa++sQVJgbBG2nEnVy0Nviu89jqYqN/u7VsqKbBQhzGz/qw==",
        "dependencies": {
          "GreenDonut.Abstractions": "15.1.17"
        }
      },
      "GreenDonut.Abstractions": {
        "type": "Transitive",
        "resolved": "15.1.17",
        "contentHash": "VgGJwO18HeMrTXDXyViUc4pcp0QfGYoSB9kFwMHq+eaPkmRGZswX+aeCJ7iIGbzHG9Qn/fA9mdWZ2EZhiyhd2A=="
      },
      "GreenDonut.Data": {
        "type": "Transitive",
        "resolved": "15.1.17",
        "contentHash": "7ucVYABQJJFh20r5dx18ODQ3/lUDhzKvQpax4yTRMfdsREarXBHFgcuS+S6bjlIfwaXh+B0IYgFYy1LipGY5vA==",
        "dependencies": {
          "GreenDonut": "15.1.17",
          "GreenDonut.Data.Abstractions": "15.1.17"
        }
      },
      "GreenDonut.Data.Abstractions": {
        "type": "Transitive",
        "resolved": "15.1.17",
        "contentHash": "aZtHsLezi2K6gGADrZYFbAdz1PpNvvuJuYG6cVRsCUqqwVZddbHO2qzsUmvOJz+OCQIeejLo3y2imRlSkx/GYw==",
        "dependencies": {
          "GreenDonut.Abstractions": "15.1.17",
          "GreenDonut.Data.Primitives": "15.1.17"
        }
      },
      "GreenDonut.Data.EntityFramework": {
        "type": "Transitive",
        "resolved": "15.1.17",
        "contentHash": "cp/ZFULY8e7n/stN9MxLOSNnSfAoZjVMkwheSPE3gcCxZe29iRYaCSEvr1LR9PfhiMRc1lWjKa9kC4UNh5PhuA==",
        "dependencies": {
          "GreenDonut.Data": "15.1.17",
          "Microsoft.EntityFrameworkCore": "9.0.2"
        }
      },
      "GreenDonut.Data.Primitives": {
        "type": "Transitive",
        "resolved": "15.1.17",
        "contentHash": "QP5RrsWxTb6NWEJOG+tpcVQpQXlgMIt64Tm1ZQF1TJScX+Pd+dzQ5Gcy9j7KmzQWkcrKPuyrgdkQ8S1kavLYEw=="
      },
      "HotChocolate": {
        "type": "Transitive",
        "resolved": "15.1.17",
        "contentHash": "gRjV/ipKjMeNxQdTWkwis6etCP1oLavxmVPkn+nSM8mtuJK4rsXhODhZGINl7fPuNtoJuNrMK8O+4o0+kCP+MA==",
        "dependencies": {
          "HotChocolate.Authorization": "15.1.17",
          "HotChocolate.CostAnalysis": "15.1.17",
          "HotChocolate.Execution": "15.1.17",
          "HotChocolate.Execution.Projections": "15.1.17",
          "HotChocolate.Fetching": "15.1.17",
          "HotChocolate.Types": "15.1.17",
          "HotChocolate.Types.CursorPagination": "15.1.17",
          "HotChocolate.Types.CursorPagination.Extensions": "15.1.17",
          "HotChocolate.Types.Mutations": "15.1.17",
          "HotChocolate.Types.Queries": "15.1.17",
          "HotChocolate.Validation": "15.1.17"
        }
      },
      "HotChocolate.Abstractions": {
        "type": "Transitive",
        "resolved": "15.1.17",
        "contentHash": "GwJgOvEJoR7ETPqrSc3d9RVsA/FuH55EDR7L09YpNBUGU11QtmE3PqshAKCsFoEOtMXfXoNO/N9+2bFjfNT9tw==",
        "dependencies": {
          "HotChocolate.Primitives": "15.1.17"
        }
      },
      "HotChocolate.Authorization": {
        "type": "Transitive",
        "resolved": "15.1.17",
        "contentHash": "y4+YC6dn5KgyQF9vqzVfmR6PsFWVOAClvIZd0cfc8zltDktUoOdkSXJBCDzr5z03+PeSuj2Qaf5HImYsHFVI8w==",
        "dependencies": {
          "HotChocolate.Execution": "15.1.17"
        }
      },
      "HotChocolate.CostAnalysis": {
        "type": "Transitive",
        "resolved": "15.1.17",
        "contentHash": "knTqseOIgoIAXdfPdIERdypUFTeNOPOj0BrE9U7tE2YHlDejy2tclVlpqdP/pWk9sLpo4ptTSmXhTaN7ghlelA==",
        "dependencies": {
          "HotChocolate.Execution": "15.1.17",
          "HotChocolate.Types": "15.1.17"
        }
      },
      "HotChocolate.Execution": {
        "type": "Transitive",
        "resolved": "15.1.17",
        "contentHash": "sKECoziAoqvXf62jQkUMbNJb1b7WHkLtpc+UhDkA2PkV8C+Va7qd6JonmtqY6ZSxe/iC/YSOb00MVx/hgP4gng==",
        "dependencies": {
          "HotChocolate.Abstractions": "15.1.17",
          "HotChocolate.Execution.Abstractions": "15.1.17",
          "HotChocolate.Fetching": "15.1.17",
          "HotChocolate.Types": "15.1.17",
          "HotChocolate.Utilities.DependencyInjection": "15.1.17",
          "HotChocolate.Validation": "15.1.17"
        }
      },
      "HotChocolate.Execution.Abstractions": {
        "type": "Transitive",
        "resolved": "15.1.17",
        "contentHash": "XNEEgJQeqkdZVzR92DJJTKB1emWzauKHtYEhHP+X2mrcN/ww8LToQyr/iOeDd7OqmdFz6QWPBtPC6ZZnRM374A==",
        "dependencies": {
          "HotChocolate.Abstractions": "15.1.17"
        }
      },
      "HotChocolate.Execution.Projections": {
        "type": "Transitive",
        "resolved": "15.1.17",
        "contentHash": "5Mawd8ARWCnOsXa/SAwv2RuDMD43syIEzvR2UX/gZzC4xDLmF4f9Io8v/LdObFi2KzuQUy+Z26fDQ00U1kd6nw==",
        "dependencies": {
          "GreenDonut.Data": "15.1.17",
          "GreenDonut.Data.Abstractions": "15.1.17",
          "GreenDonut.Data.Primitives": "15.1.17",
          "HotChocolate.Execution": "15.1.17"
        }
      },
      "HotChocolate.Features": {
        "type": "Transitive",
        "resolved": "15.1.17",
        "contentHash": "8F16g92J5jyuCq1LRVXTzwYBXATxYxtsoLLNR1rWYXkj7aMV6fB9GucL1GCl4XFbW6AYLHBms5c+A3qOEg9Zug=="
      },
      "HotChocolate.Fetching": {
        "type": "Transitive",
        "resolved": "15.1.17",
        "contentHash": "+F9gT/MwRwmjHMcVawrsY/GhPdwg++FrhthVipe2nHeeRSpin5uIJ/K+TPnqymjfGd9mD/C94DSchn6/LLwelA==",
        "dependencies": {
          "GreenDonut": "15.1.17",
          "HotChocolate.Types": "15.1.17"
        }
      },
      "HotChocolate.Language": {
        "type": "Transitive",
        "resolved": "15.1.17",
        "contentHash": "PKmtlJJT/aQz/bl7sAYdgj6ric1QMgG+VHqPs0hTF2VwQDfzs/MJLyfYYv4bTOHPYS3MbnaSnyUhXwX68RJpFQ==",
        "dependencies": {
          "HotChocolate.Language.SyntaxTree": "15.1.17",
          "HotChocolate.Language.Utf8": "15.1.17",
          "HotChocolate.Language.Visitors": "15.1.17",
          "HotChocolate.Language.Web": "15.1.17"
        }
      },
      "HotChocolate.Language.SyntaxTree": {
        "type": "Transitive",
        "resolved": "15.1.17",
        "contentHash": "qV1FM5Lnob3JVLoftlEPvjpRpw4TpBeJHDoM9bqv4jfvN5OPy9CJ+NrQmSCsnt5DlD0Vcm2kiT7xV/wBvaBITA=="
      },
      "HotChocolate.Language.Utf8": {
        "type": "Transitive",
        "resolved": "15.1.17",
        "contentHash": "L5vB+w8pDQPUf0TOUEcZN+0lpmC4BEg9JQKgB8Lf2MybKFw881X36cYhpYTOGwFWWED9OH0XaJZrrdtZzsFnFg==",
        "dependencies": {
          "HotChocolate.Language.SyntaxTree": "15.1.17"
        }
      },
      "HotChocolate.Language.Visitors": {
        "type": "Transitive",
        "resolved": "15.1.17",
        "contentHash": "qemK/0wvi0WxHMWtscLwYzXfnBx//x1cc3KkuDuXFi53b1ekpjpVQymQ7U3gLDEbQMU8L6GrEhzIhclZynsZ8Q==",
        "dependencies": {
          "HotChocolate.Language.SyntaxTree": "15.1.17"
        }
      },
      "HotChocolate.Language.Web": {
        "type": "Transitive",
        "resolved": "15.1.17",
        "contentHash": "1rGhYPgQ9AWYgyXfOdOO8M8CAyF/g0lCFvQc4U4IfQGW15OG73mMZsmB2W3E5lMg5i4gJwfe+IY4uK3haRQkcQ==",
        "dependencies": {
          "HotChocolate.Language.Utf8": "15.1.17"
        }
      },
      "HotChocolate.Primitives": {
        "type": "Transitive",
        "resolved": "15.1.17",
        "contentHash": "6z0ka5faTlzai/k00SZLsqR8yV4iGLew/ohyXGD4zR8Tvl2HO24oJFnN9c5k6gp4LdUsGN0nNNYlInvFUXJGew==",
        "dependencies": {
          "HotChocolate.Language": "15.1.17"
        }
      },
      "HotChocolate.Subscriptions": {
        "type": "Transitive",
        "resolved": "15.1.17",
        "contentHash": "gH+yXo3p96wAlH2EDqRWzyPj3yx8D4ya7CA9kr6ABvoXTqSmACSTWHB+rW2iJgB4lC4m0TZrPsx2sgbGrn4KYA==",
        "dependencies": {
          "HotChocolate.Abstractions": "15.1.17",
          "HotChocolate.Execution.Abstractions": "15.1.17",
          "HotChocolate.Utilities": "15.1.17"
        }
      },
      "HotChocolate.Transport.Sockets": {
        "type": "Transitive",
        "resolved": "15.1.17",
        "contentHash": "2HWeGRtGAmZ8bZgqmdTWr5ulCx2NjCrayukaMQdqHFTryVzTm8B35aGxSaKHGApNq8FAVSsOWodI6CRxIcPlCw=="
      },
      "HotChocolate.Types": {
        "type": "Transitive",
        "resolved": "15.1.17",
        "contentHash": "/AFiztbaHCjn97LF72DBcRggalmQrwiO3L6AHibZaylCLSX3sXI3XD7wasoktnCYude7idVVak6wmIKzntCIpQ==",
        "dependencies": {
          "GreenDonut": "15.1.17",
          "HotChocolate.Abstractions": "15.1.17",
          "HotChocolate.Features": "15.1.17",
          "HotChocolate.Types.Shared": "15.1.17",
          "HotChocolate.Utilities": "15.1.17"
        }
      },
      "HotChocolate.Types.CursorPagination": {
        "type": "Transitive",
        "resolved": "15.1.17",
        "contentHash": "2PXu8yIxQlTjoUwqyn/LMm4C7KiaNUei/9i8s2+64VertbcYwgRZJghoM84dOvFSo6SEsRuFYRf1NRpTlpVxug==",
        "dependencies": {
          "HotChocolate.Execution.Abstractions": "15.1.17",
          "HotChocolate.Types": "15.1.17"
        }
      },
      "HotChocolate.Types.CursorPagination.Extensions": {
        "type": "Transitive",
        "resolved": "15.1.17",
        "contentHash": "mrPtm8stJy5jmOCT3z7Y7Ra0CHXjXEtikUpRctAFYEKVAI+E3dqKfYiM5gkX3OLJLEl37mL1ApVu0COTfD27Xg==",
        "dependencies": {
          "GreenDonut.Data": "15.1.17",
          "HotChocolate.Types.CursorPagination": "15.1.17"
        }
      },
      "HotChocolate.Types.Errors": {
        "type": "Transitive",
        "resolved": "15.1.17",
        "contentHash": "8hUBl7njNze75OetowfjsaUeI4RQj0KVtpZYdUvnijmHmaVr0kKCk1O6KWaS4rOfK2IrFZmBcFBewH+0pjwRKA==",
        "dependencies": {
          "HotChocolate.Execution": "15.1.17"
        }
      },
      "HotChocolate.Types.Mutations": {
        "type": "Transitive",
        "resolved": "15.1.17",
        "contentHash": "/4A9lfIGlyy5vJSd3A6WCiXfaUpkpR1UBLRpC0sfa/fHjG4Vief7X0Ar/BlMe3rvayVEAHOn8xctpAdLdxp3GA==",
        "dependencies": {
          "HotChocolate.Execution": "15.1.17",
          "HotChocolate.Types.Errors": "15.1.17"
        }
      },
      "HotChocolate.Types.Queries": {
        "type": "Transitive",
        "resolved": "15.1.17",
        "contentHash": "ySqQHSeMpdDXDGcf+weJBOgEPY5RPy5Y1EFu68JoqoEYxyU/67xeAOfBjowrsSP4NFcB7xZ+NNqaPmTB/HecNA==",
        "dependencies": {
          "HotChocolate.Execution": "15.1.17",
          "HotChocolate.Types.Errors": "15.1.17"
        }
      },
      "HotChocolate.Types.Scalars.Upload": {
        "type": "Transitive",
        "resolved": "15.1.17",
        "contentHash": "BHBS2883evcupSDZMjMc4wQiUnG5WbNRknwlcaMqekAZVSIvcYbZdyFk83fkqb127p5s2F02YnlyQ3kCXAkutw==",
        "dependencies": {
          "HotChocolate.Types": "15.1.17"
        }
      },
      "HotChocolate.Types.Shared": {
        "type": "Transitive",
        "resolved": "15.1.17",
        "contentHash": "XqtFcm/Iz1YizYCU1hfKAiXkjr3pEzezRcQ0nkkY3iMd0+dv5JWE1icXV3Nn/sWdOB15J1a7cnQj4H0w7wMKng==",
        "dependencies": {
          "HotChocolate.Language.SyntaxTree": "15.1.17"
        }
      },
      "HotChocolate.Utilities": {
        "type": "Transitive",
        "resolved": "15.1.17",
        "contentHash": "dp7zW5Ukxy8KJXSJObGW9jznv98TYP1IOm4qi8l5PI1QG+/QhJf2SgdDXUsmIIcUowugh9hU4kdgXUk33esDrA=="
      },
      "HotChocolate.Utilities.DependencyInjection": {
        "type": "Transitive",
        "resolved": "15.1.17",
        "contentHash": "yc99bYmeZfEF50Vvg4neWz2x/yVVRTZ0IzaiF3VptfHUWbgYjM7cwVx5IiMZpwJLRd8dR9OzErlzx1v2JNUIYA=="
      },
      "HotChocolate.Validation": {
        "type": "Transitive",
        "resolved": "15.1.17",
        "contentHash": "4hd+MPaMP8cl3WY1phSHaAePJdJaJcP51xm2yqToZn0li0f8+YDoB6ZDXC0bgKVPxlH/cBF0d38WAdLVpes/Og==",
        "dependencies": {
          "HotChocolate.Types": "15.1.17"
        }
      },
      "Microsoft.Bcl.AsyncInterfaces": {
        "type": "Transitive",
        "resolved": "1.1.1",
        "contentHash": "yuvf07qFWFqtK3P/MRkEKLhn5r2UbSpVueRziSqj0yJQIKFwG1pq9mOayK3zE5qZCTs0CbrwL9M6R8VwqyGy2w=="
      },
      "Microsoft.Data.SqlClient": {
        "type": "Transitive",
        "resolved": "5.1.6",
        "contentHash": "+pz7gIPh5ydsBcQvivt4R98PwJXer86fyQBBToIBLxZ5kuhW4N13Ijz87s9WpuPtF1vh4JesYCgpDPAOgkMhdg==",
        "dependencies": {
          "Azure.Identity": "1.11.4",
          "Microsoft.Data.SqlClient.SNI.runtime": "5.1.1",
          "Microsoft.Identity.Client": "4.61.3",
          "Microsoft.IdentityModel.JsonWebTokens": "6.35.0",
          "Microsoft.IdentityModel.Protocols.OpenIdConnect": "6.35.0",
          "Microsoft.SqlServer.Server": "1.0.0",
          "System.Configuration.ConfigurationManager": "6.0.1",
          "System.Runtime.Caching": "6.0.0"
        }
      },
      "Microsoft.Data.SqlClient.SNI.runtime": {
        "type": "Transitive",
        "resolved": "5.1.1",
        "contentHash": "wNGM5ZTQCa2blc9ikXQouybGiyMd6IHPVJvAlBEPtr6JepZEOYeDxGyprYvFVeOxlCXs7avridZQ0nYkHzQWCQ=="
      },
      "Microsoft.EntityFrameworkCore.Abstractions": {
        "type": "Transitive",
        "resolved": "9.0.4",
        "contentHash": "E0pkWzI0liqu2ogqJ1kohk2eGkYRhf5tI75HGF6IQDARsshY/0w+prGyLvNuUeV7B8I7vYQZ4CzAKYKxw7b9gQ=="
      },
      "Microsoft.EntityFrameworkCore.Analyzers": {
        "type": "Transitive",
        "resolved": "9.0.4",
        "contentHash": "cMsm1O7g9X5qbB2wjHf3BVVvGwkG+zeXQ+M91I1Bm6RfylFMImqBPzs0+vmuef7fPxr2yOzPhIfJ2wQJfmtaSw=="
      },
      "Microsoft.EntityFrameworkCore.Relational": {
        "type": "Transitive",
        "resolved": "9.0.4",
        "contentHash": "OjJ+xh/wQff5b0wiC3SPvoQqTA2boZeJQf+15+3+OJPtjBKzvxuwr25QRIu1p1t+K8ryQ8pzaoZ7eOpXfNzVGA==",
        "dependencies": {
          "Microsoft.EntityFrameworkCore": "9.0.4"
        }
      },
      "Microsoft.Extensions.DependencyModel": {
        "type": "Transitive",
        "resolved": "8.0.2",
        "contentHash": "mUBDZZRgZrSyFOsJ2qJJ9fXfqd/kXJwf3AiDoqLD9m6TjY5OO/vLNOb9fb4juC0487eq4hcGN/M2Rh/CKS7QYw=="
      },
      "Microsoft.Identity.Client": {
        "type": "Transitive",
        "resolved": "4.61.3",
        "contentHash": "naJo/Qm35Caaoxp5utcw+R8eU8ZtLz2ALh8S+gkekOYQ1oazfCQMWVT4NJ/FnHzdIJlm8dMz0oMpMGCabx5odA==",
        "dependencies": {
          "Microsoft.IdentityModel.Abstractions": "6.35.0"
        }
      },
      "Microsoft.Identity.Client.Extensions.Msal": {
        "type": "Transitive",
        "resolved": "4.61.3",
        "contentHash": "PWnJcznrSGr25MN8ajlc2XIDW4zCFu0U6FkpaNLEWLgd1NgFCp5uDY3mqLDgM8zCN8hqj8yo5wHYfLB2HjcdGw==",
        "dependencies": {
          "Microsoft.Identity.Client": "4.61.3",
          "System.Security.Cryptography.ProtectedData": "4.5.0"
        }
      },
      "Microsoft.IdentityModel.Abstractions": {
        "type": "Transitive",
        "resolved": "6.35.0",
        "contentHash": "xuR8E4Rd96M41CnUSCiOJ2DBh+z+zQSmyrYHdYhD6K4fXBcQGVnRCFQ0efROUYpP+p0zC1BLKr0JRpVuujTZSg=="
      },
      "Microsoft.IdentityModel.JsonWebTokens": {
        "type": "Transitive",
        "resolved": "6.35.0",
        "contentHash": "9wxai3hKgZUb4/NjdRKfQd0QJvtXKDlvmGMYACbEC8DFaicMFCFhQFZq9ZET1kJLwZahf2lfY5Gtcpsx8zYzbg==",
        "dependencies": {
          "Microsoft.IdentityModel.Tokens": "6.35.0"
        }
      },
      "Microsoft.IdentityModel.Logging": {
        "type": "Transitive",
        "resolved": "6.35.0",
        "contentHash": "jePrSfGAmqT81JDCNSY+fxVWoGuJKt9e6eJ+vT7+quVS55nWl//jGjUQn4eFtVKt4rt5dXaleZdHRB9J9AJZ7Q==",
        "dependencies": {
          "Microsoft.IdentityModel.Abstractions": "6.35.0"
        }
      },
      "Microsoft.IdentityModel.Protocols": {
        "type": "Transitive",
        "resolved": "6.35.0",
        "contentHash": "BPQhlDzdFvv1PzaUxNSk+VEPwezlDEVADIKmyxubw7IiELK18uJ06RQ9QKKkds30XI+gDu9n8j24XQ8w7fjWcg==",
        "dependencies": {
          "Microsoft.IdentityModel.Logging": "6.35.0",
          "Microsoft.IdentityModel.Tokens": "6.35.0"
        }
      },
      "Microsoft.IdentityModel.Protocols.OpenIdConnect": {
        "type": "Transitive",
        "resolved": "6.35.0",
        "contentHash": "LMtVqnECCCdSmyFoCOxIE5tXQqkOLrvGrL7OxHg41DIm1bpWtaCdGyVcTAfOQpJXvzND9zUKIN/lhngPkYR8vg==",
        "dependencies": {
          "Microsoft.IdentityModel.Protocols": "6.35.0",
          "System.IdentityModel.Tokens.Jwt": "6.35.0"
        }
      },
      "Microsoft.IdentityModel.Tokens": {
        "type": "Transitive",
        "resolved": "6.35.0",
        "contentHash": "RN7lvp7s3Boucg1NaNAbqDbxtlLj5Qeb+4uSS1TeK5FSBVM40P4DKaTKChT43sHyKfh7V0zkrMph6DdHvyA4bg==",
        "dependencies": {
          "Microsoft.IdentityModel.Logging": "6.35.0"
        }
      },
      "Microsoft.SqlServer.Server": {
        "type": "Transitive",
        "resolved": "1.0.0",
        "contentHash": "N4KeF3cpcm1PUHym1RmakkzfkEv3GRMyofVv40uXsQhCQeglr2OHNcUk2WOG51AKpGO8ynGpo9M/kFXSzghwug=="
      },
      "Microsoft.Win32.SystemEvents": {
        "type": "Transitive",
        "resolved": "6.0.0",
        "contentHash": "hqTM5628jSsQiv+HGpiq3WKBl2c8v1KZfby2J6Pr7pEPlK9waPdgEO6b8A/+/xn/yZ9ulv8HuqK71ONy2tg67A=="
      },
      "RBush.Signed": {
        "type": "Transitive",
        "resolved": "4.0.0",
        "contentHash": "aP5KQxL5RnFNGW1f0euYVBfCatkLw5iEzMRJcXKq8LWWP4Cp3+qoSq1tDDL2vvJ2rM0ychmVMa2VaEKLS6uX4w=="
      },
      "Serilog": {
        "type": "Transitive",
        "resolved": "4.0.0",
        "contentHash": "2jDkUrSh5EofOp7Lx5Zgy0EB+7hXjjxE2ktTb1WVQmU00lDACR2TdROGKU0K1pDTBSJBN1PqgYpgOZF8mL7NJw=="
      },
      "Serilog.Extensions.Hosting": {
        "type": "Transitive",
        "resolved": "8.0.0",
        "contentHash": "db0OcbWeSCvYQkHWu6n0v40N4kKaTAXNjlM3BKvcbwvNzYphQFcBR+36eQ/7hMMwOkJvAyLC2a9/jNdUL5NjtQ==",
        "dependencies": {
          "Serilog": "3.1.1",
          "Serilog.Extensions.Logging": "8.0.0"
        }
      },
      "Serilog.Extensions.Logging": {
        "type": "Transitive",
        "resolved": "8.0.0",
        "contentHash": "YEAMWu1UnWgf1c1KP85l1SgXGfiVo0Rz6x08pCiPOIBt2Qe18tcZLvdBUuV5o1QHvrs8FAry9wTIhgBRtjIlEg==",
        "dependencies": {
          "Serilog": "3.1.1"
        }
      },
      "Serilog.Formatting.Compact": {
        "type": "Transitive",
        "resolved": "2.0.0",
        "contentHash": "ob6z3ikzFM3D1xalhFuBIK1IOWf+XrQq+H4KeH4VqBcPpNcmUgZlRQ2h3Q7wvthpdZBBoY86qZOI2LCXNaLlNA==",
        "dependencies": {
          "Serilog": "3.1.0"
        }
      },
      "Serilog.Settings.Configuration": {
        "type": "Transitive",
        "resolved": "8.0.4",
        "contentHash": "pkxvq0umBKK8IKFJc1aV5S/HGRG/NIxJ6FV42KaTPLfDmBOAbBUB1m5gqqlGxzEa1MgDDWtQlWJdHTSxVWNx+Q==",
        "dependencies": {
          "Microsoft.Extensions.DependencyModel": "8.0.2",
          "Serilog": "3.1.1"
        }
      },
      "Serilog.Sinks.Console": {
        "type": "Transitive",
        "resolved": "5.0.0",
        "contentHash": "IZ6bn79k+3SRXOBpwSOClUHikSkp2toGPCZ0teUkscv4dpDg9E2R2xVsNkLmwddE4OpNVO3N0xiYsAH556vN8Q==",
        "dependencies": {
          "Serilog": "3.1.0"
        }
      },
      "Serilog.Sinks.Debug": {
        "type": "Transitive",
        "resolved": "2.0.0",
        "contentHash": "Y6g3OBJ4JzTyyw16fDqtFcQ41qQAydnEvEqmXjhwhgjsnG/FaJ8GUqF5ldsC/bVkK8KYmqrPhDO+tm4dF6xx4A==",
        "dependencies": {
          "Serilog": "2.10.0"
        }
      },
      "SixLabors.Fonts": {
        "type": "Transitive",
        "resolved": "1.0.0",
        "contentHash": "LFQsCZlV0xlUyXAOMUo5kkSl+8zAQXXbbdwWchtk0B4o7zotZhQsQOcJUELGHdfPfm/xDAsz6hONAuV25bJaAg=="
      },
      "System.ClientModel": {
        "type": "Transitive",
        "resolved": "1.0.0",
        "contentHash": "I3CVkvxeqFYjIVEP59DnjbeoGNfo/+SZrCLpRz2v/g0gpCHaEMPtWSY0s9k/7jR1rAsLNg2z2u1JRB76tPjnIw==",
        "dependencies": {
          "System.Memory.Data": "1.0.2"
        }
      },
      "System.Configuration.ConfigurationManager": {
        "type": "Transitive",
        "resolved": "6.0.1",
        "contentHash": "jXw9MlUu/kRfEU0WyTptAVueupqIeE3/rl0EZDMlf8pcvJnitQ8HeVEp69rZdaStXwTV72boi/Bhw8lOeO+U2w==",
        "dependencies": {
          "System.Security.Cryptography.ProtectedData": "6.0.0",
          "System.Security.Permissions": "6.0.0"
        }
      },
      "System.Drawing.Common": {
        "type": "Transitive",
        "resolved": "6.0.0",
        "contentHash": "NfuoKUiP2nUWwKZN6twGqXioIe1zVD0RIj2t976A+czLHr2nY454RwwXs6JU9Htc6mwqL6Dn/nEL3dpVf2jOhg==",
        "dependencies": {
          "Microsoft.Win32.SystemEvents": "6.0.0"
        }
      },
      "System.IdentityModel.Tokens.Jwt": {
        "type": "Transitive",
        "resolved": "6.35.0",
        "contentHash": "yxGIQd3BFK7F6S62/7RdZk3C/mfwyVxvh6ngd1VYMBmbJ1YZZA9+Ku6suylVtso0FjI0wbElpJ0d27CdsyLpBQ==",
        "dependencies": {
          "Microsoft.IdentityModel.JsonWebTokens": "6.35.0",
          "Microsoft.IdentityModel.Tokens": "6.35.0"
        }
      },
      "System.IO.Hashing": {
        "type": "Transitive",
        "resolved": "8.0.0",
        "contentHash": "ne1843evDugl0md7Fjzy6QjJrzsjh46ZKbhf8GwBXb5f/gw97J4bxMs0NQKifDuThh/f0bZ0e62NPl1jzTuRqA=="
      },
      "System.IO.Packaging": {
        "type": "Transitive",
        "resolved": "8.0.1",
        "contentHash": "KYkIOAvPexQOLDxPO2g0BVoWInnQhPpkFzRqvNrNrMhVT6kqhVr0zEb6KCHlptLFukxnZrjuMVAnxK7pOGUYrw=="
      },
      "System.Memory.Data": {
        "type": "Transitive",
        "resolved": "1.0.2",
        "contentHash": "JGkzeqgBsiZwKJZ1IxPNsDFZDhUvuEdX8L8BDC8N3KOj+6zMcNU28CNN59TpZE/VJYy9cP+5M+sbxtWJx3/xtw=="
      },
      "System.Runtime.Caching": {
        "type": "Transitive",
        "resolved": "6.0.0",
        "contentHash": "E0e03kUp5X2k+UAoVl6efmI7uU7JRBWi5EIdlQ7cr0NpBGjHG4fWII35PgsBY9T4fJQ8E4QPsL0rKksU9gcL5A==",
        "dependencies": {
          "System.Configuration.ConfigurationManager": "6.0.0"
        }
      },
      "System.Security.Cryptography.ProtectedData": {
        "type": "Transitive",
        "resolved": "6.0.0",
        "contentHash": "rp1gMNEZpvx9vP0JW0oHLxlf8oSiQgtno77Y4PLUBjSiDYoD77Y8uXHr1Ea5XG4/pIKhqAdxZ8v8OTUtqo9PeQ=="
      },
      "System.Security.Permissions": {
        "type": "Transitive",
        "resolved": "6.0.0",
        "contentHash": "T/uuc7AklkDoxmcJ7LGkyX1CcSviZuLCa4jg3PekfJ7SU0niF0IVTXwUiNVP9DSpzou2PpxJ+eNY2IfDM90ZCg==",
        "dependencies": {
          "System.Windows.Extensions": "6.0.0"
        }
      },
      "System.Windows.Extensions": {
        "type": "Transitive",
        "resolved": "6.0.0",
        "contentHash": "IXoJOXIqc39AIe+CIR7koBtRGMiCt/LPM3lI+PELtDIy9XdyeSrwXFdWV9dzJ2Awl0paLWUaknLxFQ5HpHZUog==",
        "dependencies": {
          "System.Drawing.Common": "6.0.0"
        }
      },
      "Yarp.ReverseProxy": {
        "type": "Transitive",
        "resolved": "2.3.0",
        "contentHash": "gxtkN3a+9biu9V9Zd5NaTO6VZWXAnS2mhQ0R/VXmSPoTuiQNZsakKikrKpDtKxrL5nUYzbRsHtl40WNq+ZBKKg==",
        "dependencies": {
          "System.IO.Hashing": "8.0.0"
        }
      }
    }
  }
}